
Microsoft Visual Studio Solution File, Format Version 12.00
# Visual Studio Version 16
VisualStudioVersion = 16.0.31624.102
MinimumVisualStudioVersion = 10.0.40219.1
Project("{FAE04EC0-301F-11D3-BF4B-00C04F79EFBC}") = "ToDoListWForms", "ToDoListWForms\ToDoListWForms.csproj", "{F7BF4CA3-D2EE-4F07-B7C8-E9C654E18976}"
EndProject
Global
	GlobalSection(SolutionConfigurationPlatforms) = preSolution
		Debug|Any CPU = Debug|Any CPU
		Release|Any CPU = Release|Any CPU
	EndGlobalSection
	GlobalSection(ProjectConfigurationPlatforms) = postSolution
		{F7BF4CA3-D2EE-4F07-B7C8-E9C654E18976}.Debug|Any CPU.ActiveCfg = Debug|Any CPU
		{F7BF4CA3-D2EE-4F07-B7C8-E9C654E18976}.Debug|Any CPU.Build.0 = Debug|Any CPU
		{F7BF4CA3-D2EE-4F07-B7C8-E9C654E18976}.Release|Any CPU.ActiveCfg = Release|Any CPU
		{F7BF4CA3-D2EE-4F07-B7C8-E9C654E18976}.Release|Any CPU.Build.0 = Release|Any CPU
	EndGlobalSection
	GlobalSection(SolutionProperties) = preSolution
		HideSolutionNode = FALSE
	EndGlobalSection
	GlobalSection(ExtensibilityGlobals) = postSolution
		SolutionGuid = {BFEFA5BD-6590-4DCC-9080-AD8832F577B0}
	EndGlobalSection
EndGlobal
